
Microsoft Visual Studio Solution File, Format Version 11.00
# Visual Studio 2010
Project("{FAE04EC0-301F-11D3-BF4B-00C04F79EFBC}") = "libCanopenSimple", "libCanopenSimple.csproj", "{2FB81ADD-258F-4135-A9B9-17E2ACA2448E}"
EndProject
Project("{FAE04EC0-301F-11D3-BF4B-00C04F79EFBC}") = "DriverTest", "DriverTest\DriverTest.csproj", "{E08A680D-F4E2-477B-AF48-D4B9AA839CD8}"
EndProject
Project("{FAE04EC0-301F-11D3-BF4B-00C04F79EFBC}") = "SimpleTest", "SimpleTest\SimpleTest.csproj", "{1B9A1C95-6C73-4A1E-828D-A51705A8B505}"
EndProject
Project("{8BC9CEB8-8B4A-11D0-8D11-00A0C91BC942}") = "can_qm_rs232_win32", "canfestival\drivers\can_qm_rs232_win32\can_qm_rs232_win32.vc10.vcxproj", "{0B85A50A-25E6-4F17-B5F4-425132CAE5B2}"
EndProject
Global
	GlobalSection(SolutionConfigurationPlatforms) = preSolution
		Debug|Any CPU = Debug|Any CPU
		Debug|x86 = Debug|x86
		Release|Any CPU = Release|Any CPU
		Release|x86 = Release|x86
	EndGlobalSection
	GlobalSection(ProjectConfigurationPlatforms) = postSolution
		{2FB81ADD-258F-4135-A9B9-17E2ACA2448E}.Debug|Any CPU.ActiveCfg = Debug|Any CPU
		{2FB81ADD-258F-4135-A9B9-17E2ACA2448E}.Debug|Any CPU.Build.0 = Debug|Any CPU
		{2FB81ADD-258F-4135-A9B9-17E2ACA2448E}.Debug|x86.ActiveCfg = Debug|Any CPU
		{2FB81ADD-258F-4135-A9B9-17E2ACA2448E}.Debug|x86.Build.0 = Debug|Any CPU
		{2FB81ADD-258F-4135-A9B9-17E2ACA2448E}.Release|Any CPU.ActiveCfg = Release|Any CPU
		{2FB81ADD-258F-4135-A9B9-17E2ACA2448E}.Release|Any CPU.Build.0 = Release|Any CPU
		{2FB81ADD-258F-4135-A9B9-17E2ACA2448E}.Release|x86.ActiveCfg = Release|Any CPU
		{2FB81ADD-258F-4135-A9B9-17E2ACA2448E}.Release|x86.Build.0 = Release|Any CPU
		{E08A680D-F4E2-477B-AF48-D4B9AA839CD8}.Debug|Any CPU.ActiveCfg = Debug|Any CPU
		{E08A680D-F4E2-477B-AF48-D4B9AA839CD8}.Debug|Any CPU.Build.0 = Debug|Any CPU
		{E08A680D-F4E2-477B-AF48-D4B9AA839CD8}.Debug|x86.ActiveCfg = Debug|Any CPU
		{E08A680D-F4E2-477B-AF48-D4B9AA839CD8}.Debug|x86.Build.0 = Debug|Any CPU
		{E08A680D-F4E2-477B-AF48-D4B9AA839CD8}.Release|Any CPU.ActiveCfg = Release|Any CPU
		{E08A680D-F4E2-477B-AF48-D4B9AA839CD8}.Release|Any CPU.Build.0 = Release|Any CPU
		{E08A680D-F4E2-477B-AF48-D4B9AA839CD8}.Release|x86.ActiveCfg = Release|Any CPU
		{E08A680D-F4E2-477B-AF48-D4B9AA839CD8}.Release|x86.Build.0 = Release|Any CPU
		{1B9A1C95-6C73-4A1E-828D-A51705A8B505}.Debug|Any CPU.ActiveCfg = Debug|Any CPU
		{1B9A1C95-6C73-4A1E-828D-A51705A8B505}.Debug|Any CPU.Build.0 = Debug|Any CPU
		{1B9A1C95-6C73-4A1E-828D-A51705A8B505}.Debug|x86.ActiveCfg = Debug|Any CPU
		{1B9A1C95-6C73-4A1E-828D-A51705A8B505}.Debug|x86.Build.0 = Debug|Any CPU
		{1B9A1C95-6C73-4A1E-828D-A51705A8B505}.Release|Any CPU.ActiveCfg = Release|Any CPU
		{1B9A1C95-6C73-4A1E-828D-A51705A8B505}.Release|Any CPU.Build.0 = Release|Any CPU
		{1B9A1C95-6C73-4A1E-828D-A51705A8B505}.Release|x86.ActiveCfg = Release|Any CPU
		{1B9A1C95-6C73-4A1E-828D-A51705A8B505}.Release|x86.Build.0 = Release|Any CPU
		{0B85A50A-25E6-4F17-B5F4-425132CAE5B2}.Debug|Any CPU.ActiveCfg = Debug|Win32
		{0B85A50A-25E6-4F17-B5F4-425132CAE5B2}.Debug|x86.ActiveCfg = Debug|Win32
		{0B85A50A-25E6-4F17-B5F4-425132CAE5B2}.Debug|x86.Build.0 = Debug|Win32
		{0B85A50A-25E6-4F17-B5F4-425132CAE5B2}.Release|Any CPU.ActiveCfg = Release|Win32
		{0B85A50A-25E6-4F17-B5F4-425132CAE5B2}.Release|x86.ActiveCfg = Release|Win32
		{0B85A50A-25E6-4F17-B5F4-425132CAE5B2}.Release|x86.Build.0 = Release|Win32
	EndGlobalSection
	GlobalSection(SolutionProperties) = preSolution
		HideSolutionNode = FALSE
	EndGlobalSection
EndGlobal
